
Microsoft Visual Studio Solution File, Format Version 12.00
Project("{FAE04EC0-301F-11D3-BF4B-00C04F79EFBC}") = "Motus", "Motus\Motus.csproj", "{AED76ED0-A85B-4B09-8EBC-F02CFE83AFE4}"
EndProject
Global
	GlobalSection(SolutionConfigurationPlatforms) = preSolution
		Debug|Any CPU = Debug|Any CPU
		Release|Any CPU = Release|Any CPU
	EndGlobalSection
	GlobalSection(ProjectConfigurationPlatforms) = postSolution
		{AED76ED0-A85B-4B09-8EBC-F02CFE83AFE4}.Debug|Any CPU.ActiveCfg = Debug|Any CPU
		{AED76ED0-A85B-4B09-8EBC-F02CFE83AFE4}.Debug|Any CPU.Build.0 = Debug|Any CPU
		{AED76ED0-A85B-4B09-8EBC-F02CFE83AFE4}.Release|Any CPU.ActiveCfg = Release|Any CPU
		{AED76ED0-A85B-4B09-8EBC-F02CFE83AFE4}.Release|Any CPU.Build.0 = Release|Any CPU
	EndGlobalSection
EndGlobal
